
Microsoft Visual Studio Solution File, Format Version 12.00
# Visual Studio 15
VisualStudioVersion = 15.0.27428.2015
MinimumVisualStudioVersion = 10.0.40219.1
Project("{9A19103F-16F7-4668-BE54-9A1E7A4F7556}") = "AspNetCoreCourseBeginner", "AspNetCoreCourseBeginner\AspNetCoreCourseBeginner.csproj", "{F2ADB8C2-99FE-478A-AC02-D9FF265D8959}"
EndProject
Global
	GlobalSection(SolutionConfigurationPlatforms) = preSolution
		Debug|Any CPU = Debug|Any CPU
		Release|Any CPU = Release|Any CPU
	EndGlobalSection
	GlobalSection(ProjectConfigurationPlatforms) = postSolution
		{F2ADB8C2-99FE-478A-AC02-D9FF265D8959}.Debug|Any CPU.ActiveCfg = Debug|Any CPU
		{F2ADB8C2-99FE-478A-AC02-D9FF265D8959}.Debug|Any CPU.Build.0 = Debug|Any CPU
		{F2ADB8C2-99FE-478A-AC02-D9FF265D8959}.Release|Any CPU.ActiveCfg = Release|Any CPU
		{F2ADB8C2-99FE-478A-AC02-D9FF265D8959}.Release|Any CPU.Build.0 = Release|Any CPU
	EndGlobalSection
	GlobalSection(SolutionProperties) = preSolution
		HideSolutionNode = FALSE
	EndGlobalSection
	GlobalSection(ExtensibilityGlobals) = postSolution
		SolutionGuid = {A5003831-7810-4D40-871F-4AA2F2171463}
	EndGlobalSection
EndGlobal
